
Microsoft Visual Studio Solution File, Format Version 12.00
# Visual Studio Version 17
VisualStudioVersion = 17.9.34723.18
MinimumVisualStudioVersion = 10.0.40219.1
Project("{FAE04EC0-301F-11D3-BF4B-00C04F79EFBC}") = "EntityFrameworkQueries", "EntityFrameworkQueries\EntityFrameworkQueries.csproj", "{00FB8BEC-ABA0-4CAE-9B34-02F396A42C0B}"
EndProject
Global
	GlobalSection(SolutionConfigurationPlatforms) = preSolution
		Debug|Any CPU = Debug|Any CPU
		Release|Any CPU = Release|Any CPU
	EndGlobalSection
	GlobalSection(ProjectConfigurationPlatforms) = postSolution
		{00FB8BEC-ABA0-4CAE-9B34-02F396A42C0B}.Debug|Any CPU.ActiveCfg = Debug|Any CPU
		{00FB8BEC-ABA0-4CAE-9B34-02F396A42C0B}.Debug|Any CPU.Build.0 = Debug|Any CPU
		{00FB8BEC-ABA0-4CAE-9B34-02F396A42C0B}.Release|Any CPU.ActiveCfg = Release|Any CPU
		{00FB8BEC-ABA0-4CAE-9B34-02F396A42C0B}.Release|Any CPU.Build.0 = Release|Any CPU
	EndGlobalSection
	GlobalSection(SolutionProperties) = preSolution
		HideSolutionNode = FALSE
	EndGlobalSection
	GlobalSection(ExtensibilityGlobals) = postSolution
		SolutionGuid = {63B5C967-01BD-4778-98D0-12357708F16E}
	EndGlobalSection
EndGlobal
